
Microsoft Visual Studio Solution File, Format Version 12.00
# Visual Studio Version 17
VisualStudioVersion = 17.13.35825.156
MinimumVisualStudioVersion = 10.0.40219.1
Project("{FAE04EC0-301F-11D3-BF4B-00C04F79EFBC}") = "Kwotty.Web", "src\Kwotty.Web\Kwotty.Web.csproj", "{CC718AE6-9FF4-547B-6AB0-0A9E8A7D411F}"
EndProject
Project("{FAE04EC0-301F-11D3-BF4B-00C04F79EFBC}") = "Kwotty.Domain", "src\Kwotty.Domain\Kwotty.Domain.csproj", "{BE1BBBA6-9E69-D001-66F3-A654EC14D4D6}"
EndProject
Project("{FAE04EC0-301F-11D3-BF4B-00C04F79EFBC}") = "Kwotty.Data", "src\Kwotty.Data\Kwotty.Data.csproj", "{EFD32074-BC66-5F88-0817-0C194F04F2DF}"
EndProject
Project("{FAE04EC0-301F-11D3-BF4B-00C04F79EFBC}") = "Kwotty.Application", "src\Kwotty.Application\Kwotty.Application.csproj", "{8EDDF0D1-9A42-2F2F-CED2-0490180A1514}"
EndProject
Project("{FAE04EC0-301F-11D3-BF4B-00C04F79EFBC}") = "Kwotty.Infrastructure", "src\Kwotty.Infrastructure\Kwotty.Infrastructure.csproj", "{49BD4EB7-CFDE-442E-9100-27842BC26E38}"
EndProject
Global
	GlobalSection(SolutionConfigurationPlatforms) = preSolution
		Debug|Any CPU = Debug|Any CPU
		Release|Any CPU = Release|Any CPU
	EndGlobalSection
	GlobalSection(ProjectConfigurationPlatforms) = postSolution
		{CC718AE6-9FF4-547B-6AB0-0A9E8A7D411F}.Debug|Any CPU.ActiveCfg = Debug|Any CPU
		{CC718AE6-9FF4-547B-6AB0-0A9E8A7D411F}.Debug|Any CPU.Build.0 = Debug|Any CPU
		{CC718AE6-9FF4-547B-6AB0-0A9E8A7D411F}.Release|Any CPU.ActiveCfg = Release|Any CPU
		{CC718AE6-9FF4-547B-6AB0-0A9E8A7D411F}.Release|Any CPU.Build.0 = Release|Any CPU
		{BE1BBBA6-9E69-D001-66F3-A654EC14D4D6}.Debug|Any CPU.ActiveCfg = Debug|Any CPU
		{BE1BBBA6-9E69-D001-66F3-A654EC14D4D6}.Debug|Any CPU.Build.0 = Debug|Any CPU
		{BE1BBBA6-9E69-D001-66F3-A654EC14D4D6}.Release|Any CPU.ActiveCfg = Release|Any CPU
		{BE1BBBA6-9E69-D001-66F3-A654EC14D4D6}.Release|Any CPU.Build.0 = Release|Any CPU
		{EFD32074-BC66-5F88-0817-0C194F04F2DF}.Debug|Any CPU.ActiveCfg = Debug|Any CPU
		{EFD32074-BC66-5F88-0817-0C194F04F2DF}.Debug|Any CPU.Build.0 = Debug|Any CPU
		{EFD32074-BC66-5F88-0817-0C194F04F2DF}.Release|Any CPU.ActiveCfg = Release|Any CPU
		{EFD32074-BC66-5F88-0817-0C194F04F2DF}.Release|Any CPU.Build.0 = Release|Any CPU
		{8EDDF0D1-9A42-2F2F-CED2-0490180A1514}.Debug|Any CPU.ActiveCfg = Debug|Any CPU
		{8EDDF0D1-9A42-2F2F-CED2-0490180A1514}.Debug|Any CPU.Build.0 = Debug|Any CPU
		{8EDDF0D1-9A42-2F2F-CED2-0490180A1514}.Release|Any CPU.ActiveCfg = Release|Any CPU
		{8EDDF0D1-9A42-2F2F-CED2-0490180A1514}.Release|Any CPU.Build.0 = Release|Any CPU
		{49BD4EB7-CFDE-442E-9100-27842BC26E38}.Debug|Any CPU.ActiveCfg = Debug|Any CPU
		{49BD4EB7-CFDE-442E-9100-27842BC26E38}.Debug|Any CPU.Build.0 = Debug|Any CPU
		{49BD4EB7-CFDE-442E-9100-27842BC26E38}.Release|Any CPU.ActiveCfg = Release|Any CPU
		{49BD4EB7-CFDE-442E-9100-27842BC26E38}.Release|Any CPU.Build.0 = Release|Any CPU
	EndGlobalSection
	GlobalSection(SolutionProperties) = preSolution
		HideSolutionNode = FALSE
	EndGlobalSection
	GlobalSection(ExtensibilityGlobals) = postSolution
		SolutionGuid = {13C704E5-0978-4D70-B494-CD50FD1A8730}
	EndGlobalSection
EndGlobal
